// !$*UTF8*$!
{
	archiveVersion = 1;
	classes = {
	};
	objectVersion = 55;
	objects = {

/* Begin PBXBuildFile section */
		ACA4C10927C4282A005CBF28 /* Empty.xib in Resources */ = {isa = PBXBuildFile; fileRef = ACA4C10827C4282A005CBF28 /* Empty.xib */; };
		6FF0FFDE27C12651000AA621 /* Allergens.swift in Sources */ = {isa = PBXBuildFile; fileRef = 6FF0FFDD27C12651000AA621 /* Allergens.swift */; };
		6FF0FFE027C12E62000AA621 /* AllergenRow.swift in Sources */ = {isa = PBXBuildFile; fileRef = 6FF0FFDF27C12E62000AA621 /* AllergenRow.swift */; };
		6FF0FFE227C130BC000AA621 /* AllergenIngredientsList.swift in Sources */ = {isa = PBXBuildFile; fileRef = 6FF0FFE127C130BC000AA621 /* AllergenIngredientsList.swift */; };
		ACBBE4AD27C0FFC3002B59C8 /* awiSwiftUIApp.swift in Sources */ = {isa = PBXBuildFile; fileRef = ACBBE4AC27C0FFC3002B59C8 /* awiSwiftUIApp.swift */; };
		ACBBE4AF27C0FFC3002B59C8 /* ContentView.swift in Sources */ = {isa = PBXBuildFile; fileRef = ACBBE4AE27C0FFC3002B59C8 /* ContentView.swift */; };
		ACBBE4B127C0FFC4002B59C8 /* Assets.xcassets in Resources */ = {isa = PBXBuildFile; fileRef = ACBBE4B027C0FFC4002B59C8 /* Assets.xcassets */; };
		ACBBE4B427C0FFC4002B59C8 /* Preview Assets.xcassets in Resources */ = {isa = PBXBuildFile; fileRef = ACBBE4B327C0FFC4002B59C8 /* Preview Assets.xcassets */; };
		ACBBE4BE27C0FFC4002B59C8 /* awiSwiftUITests.swift in Sources */ = {isa = PBXBuildFile; fileRef = ACBBE4BD27C0FFC4002B59C8 /* awiSwiftUITests.swift */; };
		ACBBE4C827C0FFC4002B59C8 /* awiSwiftUIUITests.swift in Sources */ = {isa = PBXBuildFile; fileRef = ACBBE4C727C0FFC4002B59C8 /* awiSwiftUIUITests.swift */; };
		ACBBE4CA27C0FFC4002B59C8 /* awiSwiftUIUITestsLaunchTests.swift in Sources */ = {isa = PBXBuildFile; fileRef = ACBBE4C927C0FFC4002B59C8 /* awiSwiftUIUITestsLaunchTests.swift */; };
		ACBBE4D827C0FFDC002B59C8 /* Formatters.swift in Sources */ = {isa = PBXBuildFile; fileRef = ACBBE4D727C0FFDC002B59C8 /* Formatters.swift */; };
		ACBBE4DA27C10017002B59C8 /* Utils.swift in Sources */ = {isa = PBXBuildFile; fileRef = ACBBE4D927C10017002B59C8 /* Utils.swift */; };
		ACBBE4DC27C10029002B59C8 /* JSONError.swift in Sources */ = {isa = PBXBuildFile; fileRef = ACBBE4DB27C10029002B59C8 /* JSONError.swift */; };
		ACBBE4DE27C10042002B59C8 /* JSONHelper.swift in Sources */ = {isa = PBXBuildFile; fileRef = ACBBE4DD27C10042002B59C8 /* JSONHelper.swift */; };
		ACBBE4E027C10051002B59C8 /* Color.swift in Sources */ = {isa = PBXBuildFile; fileRef = ACBBE4DF27C10051002B59C8 /* Color.swift */; };
		ACBBE4E427C1007C002B59C8 /* UnityDAO.swift in Sources */ = {isa = PBXBuildFile; fileRef = ACBBE4E327C1007C002B59C8 /* UnityDAO.swift */; };
		ACBBE4E627C10086002B59C8 /* UnityDTO.swift in Sources */ = {isa = PBXBuildFile; fileRef = ACBBE4E527C10086002B59C8 /* UnityDTO.swift */; };
		ACBBE4E827C10093002B59C8 /* Unity.swift in Sources */ = {isa = PBXBuildFile; fileRef = ACBBE4E727C10093002B59C8 /* Unity.swift */; };
		ACBBE4EB27C100B6002B59C8 /* IngredientCategoryDAO.swift in Sources */ = {isa = PBXBuildFile; fileRef = ACBBE4EA27C100B6002B59C8 /* IngredientCategoryDAO.swift */; };
		ACBBE4ED27C100DC002B59C8 /* IngredientCategoryDTO.swift in Sources */ = {isa = PBXBuildFile; fileRef = ACBBE4EC27C100DC002B59C8 /* IngredientCategoryDTO.swift */; };
		ACBBE4EF27C100EC002B59C8 /* IngredientCategory.swift in Sources */ = {isa = PBXBuildFile; fileRef = ACBBE4EE27C100EC002B59C8 /* IngredientCategory.swift */; };
		ACBBE4F227C1010B002B59C8 /* Recipe.swift in Sources */ = {isa = PBXBuildFile; fileRef = ACBBE4F127C1010B002B59C8 /* Recipe.swift */; };
		ACBBE4F527C10122002B59C8 /* RecipeCategory.swift in Sources */ = {isa = PBXBuildFile; fileRef = ACBBE4F427C10122002B59C8 /* RecipeCategory.swift */; };
		ACBBE4F827C1013F002B59C8 /* UserDAO.swift in Sources */ = {isa = PBXBuildFile; fileRef = ACBBE4F727C1013F002B59C8 /* UserDAO.swift */; };
		ACBBE4FA27C10148002B59C8 /* User.swift in Sources */ = {isa = PBXBuildFile; fileRef = ACBBE4F927C10148002B59C8 /* User.swift */; };
		ACBBE4FC27C10159002B59C8 /* UserDTO.swift in Sources */ = {isa = PBXBuildFile; fileRef = ACBBE4FB27C10159002B59C8 /* UserDTO.swift */; };
		ACBBE4FF27C10173002B59C8 /* Step.swift in Sources */ = {isa = PBXBuildFile; fileRef = ACBBE4FE27C10173002B59C8 /* Step.swift */; };
		ACBBE50227C1019B002B59C8 /* AllergenCategory.swift in Sources */ = {isa = PBXBuildFile; fileRef = ACBBE50127C1019B002B59C8 /* AllergenCategory.swift */; };
		ACBBE50427C101AF002B59C8 /* AllergenCategoryDTO.swift in Sources */ = {isa = PBXBuildFile; fileRef = ACBBE50327C101AF002B59C8 /* AllergenCategoryDTO.swift */; };
		ACBBE50627C101BE002B59C8 /* AllergenCategoryDAO.swift in Sources */ = {isa = PBXBuildFile; fileRef = ACBBE50527C101BE002B59C8 /* AllergenCategoryDAO.swift */; };
		ACBBE50927C101D9002B59C8 /* Ingredient.swift in Sources */ = {isa = PBXBuildFile; fileRef = ACBBE50827C101D9002B59C8 /* Ingredient.swift */; };
		ACBBE50B27C101E7002B59C8 /* IngredientDAO.swift in Sources */ = {isa = PBXBuildFile; fileRef = ACBBE50A27C101E7002B59C8 /* IngredientDAO.swift */; };
		ACBBE50F27C1020E002B59C8 /* IngredientPostDTO.swift in Sources */ = {isa = PBXBuildFile; fileRef = ACBBE50E27C1020E002B59C8 /* IngredientPostDTO.swift */; };
		ACBBE51127C1021E002B59C8 /* IngredientGetDTO.swift in Sources */ = {isa = PBXBuildFile; fileRef = ACBBE51027C1021E002B59C8 /* IngredientGetDTO.swift */; };
		ACBBE51527C1026B002B59C8 /* Recipes.swift in Sources */ = {isa = PBXBuildFile; fileRef = ACBBE51427C1026B002B59C8 /* Recipes.swift */; };
		ACBBE51727C1027B002B59C8 /* RecipeCard.swift in Sources */ = {isa = PBXBuildFile; fileRef = ACBBE51627C1027B002B59C8 /* RecipeCard.swift */; };
		ACBBE51927C1028B002B59C8 /* CreateRecipeView.swift in Sources */ = {isa = PBXBuildFile; fileRef = ACBBE51827C1028B002B59C8 /* CreateRecipeView.swift */; };
		ACBBE51B27C1029D002B59C8 /* RecipeRow.swift in Sources */ = {isa = PBXBuildFile; fileRef = ACBBE51A27C1029D002B59C8 /* RecipeRow.swift */; };
		ACBBE51D27C102B0002B59C8 /* HorizontalScrollRecipe.swift in Sources */ = {isa = PBXBuildFile; fileRef = ACBBE51C27C102B0002B59C8 /* HorizontalScrollRecipe.swift */; };
		ACBBE51F27C102C0002B59C8 /* RecipeGrid.swift in Sources */ = {isa = PBXBuildFile; fileRef = ACBBE51E27C102C0002B59C8 /* RecipeGrid.swift */; };
		ACBBE52127C102D6002B59C8 /* Carousel.swift in Sources */ = {isa = PBXBuildFile; fileRef = ACBBE52027C102D6002B59C8 /* Carousel.swift */; };
		ACBBE52327C102E5002B59C8 /* LoginView.swift in Sources */ = {isa = PBXBuildFile; fileRef = ACBBE52227C102E5002B59C8 /* LoginView.swift */; };
		ACBBE52627C10308002B59C8 /* IngredientCategoryForm.swift in Sources */ = {isa = PBXBuildFile; fileRef = ACBBE52527C10308002B59C8 /* IngredientCategoryForm.swift */; };
		ACBBE52927C1032B002B59C8 /* HomeView.swift in Sources */ = {isa = PBXBuildFile; fileRef = ACBBE52827C1032B002B59C8 /* HomeView.swift */; };
		ACBBE52B27C1033A002B59C8 /* TextUnderIcon.swift in Sources */ = {isa = PBXBuildFile; fileRef = ACBBE52A27C1033A002B59C8 /* TextUnderIcon.swift */; };
		ACBBE52D27C10357002B59C8 /* CreateUserForm.swift in Sources */ = {isa = PBXBuildFile; fileRef = ACBBE52C27C10357002B59C8 /* CreateUserForm.swift */; };
		ACBBE52F27C10369002B59C8 /* CreateAccountForm.swift in Sources */ = {isa = PBXBuildFile; fileRef = ACBBE52E27C10369002B59C8 /* CreateAccountForm.swift */; };
		ACBBE53127C10376002B59C8 /* HomeCoverSlider.swift in Sources */ = {isa = PBXBuildFile; fileRef = ACBBE53027C10376002B59C8 /* HomeCoverSlider.swift */; };
		ACBBE53327C10384002B59C8 /* Badge.swift in Sources */ = {isa = PBXBuildFile; fileRef = ACBBE53227C10384002B59C8 /* Badge.swift */; };
		ACBBE53627C103A0002B59C8 /* IngredientRow.swift in Sources */ = {isa = PBXBuildFile; fileRef = ACBBE53527C103A0002B59C8 /* IngredientRow.swift */; };
		ACBBE53827C103B1002B59C8 /* IngredientForm.swift in Sources */ = {isa = PBXBuildFile; fileRef = ACBBE53727C103B1002B59C8 /* IngredientForm.swift */; };
		ACBBE53A27C103BF002B59C8 /* Ingredients.swift in Sources */ = {isa = PBXBuildFile; fileRef = ACBBE53927C103BF002B59C8 /* Ingredients.swift */; };
		ACBBE53E27C103FF002B59C8 /* UnityFormViewModel.swift in Sources */ = {isa = PBXBuildFile; fileRef = ACBBE53D27C103FF002B59C8 /* UnityFormViewModel.swift */; };
		ACBBE54127C1041C002B59C8 /* IngredientCategoryFormViewModel.swift in Sources */ = {isa = PBXBuildFile; fileRef = ACBBE54027C1041C002B59C8 /* IngredientCategoryFormViewModel.swift */; };
		ACBBE54427C1043B002B59C8 /* AllergenCategoryFormViewModel.swift in Sources */ = {isa = PBXBuildFile; fileRef = ACBBE54327C1043B002B59C8 /* AllergenCategoryFormViewModel.swift */; };
		ACBBE54727C10458002B59C8 /* IngredientListViewModel.swift in Sources */ = {isa = PBXBuildFile; fileRef = ACBBE54627C10458002B59C8 /* IngredientListViewModel.swift */; };
		ACBBE54927C10466002B59C8 /* IngredientFormViewModel.swift in Sources */ = {isa = PBXBuildFile; fileRef = ACBBE54827C10466002B59C8 /* IngredientFormViewModel.swift */; };
		ACBBE54B27C12978002B59C8 /* HTTPError.swift in Sources */ = {isa = PBXBuildFile; fileRef = ACBBE54A27C12978002B59C8 /* HTTPError.swift */; };
		ACBBE54F27C1425C002B59C8 /* IngredientIntent.swift in Sources */ = {isa = PBXBuildFile; fileRef = ACBBE54E27C1425C002B59C8 /* IngredientIntent.swift */; };
		ACBBE55327C14916002B59C8 /* IngredientFormVM.swift in Sources */ = {isa = PBXBuildFile; fileRef = ACBBE55227C14916002B59C8 /* IngredientFormVM.swift */; };
		ACBBE55527C14943002B59C8 /* IngredientListVM.swift in Sources */ = {isa = PBXBuildFile; fileRef = ACBBE55427C14943002B59C8 /* IngredientListVM.swift */; };
		ACBBE55727C240F0002B59C8 /* RecipeDetailledView.swift in Sources */ = {isa = PBXBuildFile; fileRef = ACBBE55627C240F0002B59C8 /* RecipeDetailledView.swift */; };
		ACBBE55927C26D88002B59C8 /* StepRow.swift in Sources */ = {isa = PBXBuildFile; fileRef = ACBBE55827C26D88002B59C8 /* StepRow.swift */; };
		ACBBE55C27C288D3002B59C8 /* RecipeDTO.swift in Sources */ = {isa = PBXBuildFile; fileRef = ACBBE55B27C288D3002B59C8 /* RecipeDTO.swift */; };
		ACBBE55E27C28947002B59C8 /* RecipeDAO.swift in Sources */ = {isa = PBXBuildFile; fileRef = ACBBE55D27C28947002B59C8 /* RecipeDAO.swift */; };
		ACBBE56027C28D29002B59C8 /* RecipeListVM.swift in Sources */ = {isa = PBXBuildFile; fileRef = ACBBE55F27C28D29002B59C8 /* RecipeListVM.swift */; };
		ACBBE56227C29317002B59C8 /* RecipeCategoryDTO.swift in Sources */ = {isa = PBXBuildFile; fileRef = ACBBE56127C29317002B59C8 /* RecipeCategoryDTO.swift */; };
		ACBBE56427C2933C002B59C8 /* RecipeCategoryDAO.swift in Sources */ = {isa = PBXBuildFile; fileRef = ACBBE56327C2933C002B59C8 /* RecipeCategoryDAO.swift */; };
		ACBBE56627C2AF74002B59C8 /* Image.swift in Sources */ = {isa = PBXBuildFile; fileRef = ACBBE56527C2AF74002B59C8 /* Image.swift */; };
/* End PBXBuildFile section */

/* Begin PBXContainerItemProxy section */
		ACBBE4BA27C0FFC4002B59C8 /* PBXContainerItemProxy */ = {
			isa = PBXContainerItemProxy;
			containerPortal = ACBBE4A127C0FFC3002B59C8 /* Project object */;
			proxyType = 1;
			remoteGlobalIDString = ACBBE4A827C0FFC3002B59C8;
			remoteInfo = awiSwiftUI;
		};
		ACBBE4C427C0FFC4002B59C8 /* PBXContainerItemProxy */ = {
			isa = PBXContainerItemProxy;
			containerPortal = ACBBE4A127C0FFC3002B59C8 /* Project object */;
			proxyType = 1;
			remoteGlobalIDString = ACBBE4A827C0FFC3002B59C8;
			remoteInfo = awiSwiftUI;
		};
/* End PBXContainerItemProxy section */

/* Begin PBXFileReference section */
		ACA4C10827C4282A005CBF28 /* Empty.xib */ = {isa = PBXFileReference; lastKnownFileType = file.xib; path = Empty.xib; sourceTree = "<group>"; };
		ACA4C10A27C4284A005CBF28 /* Empty.md */ = {isa = PBXFileReference; lastKnownFileType = net.daringfireball.markdown; path = Empty.md; sourceTree = "<group>"; };
		6FF0FFDD27C12651000AA621 /* Allergens.swift */ = {isa = PBXFileReference; lastKnownFileType = sourcecode.swift; path = Allergens.swift; sourceTree = "<group>"; };
		6FF0FFDF27C12E62000AA621 /* AllergenRow.swift */ = {isa = PBXFileReference; lastKnownFileType = sourcecode.swift; path = AllergenRow.swift; sourceTree = "<group>"; };
		6FF0FFE127C130BC000AA621 /* AllergenIngredientsList.swift */ = {isa = PBXFileReference; lastKnownFileType = sourcecode.swift; path = AllergenIngredientsList.swift; sourceTree = "<group>"; };
		ACBBE4A927C0FFC3002B59C8 /* awiSwiftUI.app */ = {isa = PBXFileReference; explicitFileType = wrapper.application; includeInIndex = 0; path = awiSwiftUI.app; sourceTree = BUILT_PRODUCTS_DIR; };
		ACBBE4AC27C0FFC3002B59C8 /* awiSwiftUIApp.swift */ = {isa = PBXFileReference; lastKnownFileType = sourcecode.swift; path = awiSwiftUIApp.swift; sourceTree = "<group>"; };
		ACBBE4AE27C0FFC3002B59C8 /* ContentView.swift */ = {isa = PBXFileReference; lastKnownFileType = sourcecode.swift; path = ContentView.swift; sourceTree = "<group>"; };
		ACBBE4B027C0FFC4002B59C8 /* Assets.xcassets */ = {isa = PBXFileReference; lastKnownFileType = folder.assetcatalog; path = Assets.xcassets; sourceTree = "<group>"; };
		ACBBE4B327C0FFC4002B59C8 /* Preview Assets.xcassets */ = {isa = PBXFileReference; lastKnownFileType = folder.assetcatalog; path = "Preview Assets.xcassets"; sourceTree = "<group>"; };
		ACBBE4B927C0FFC4002B59C8 /* awiSwiftUITests.xctest */ = {isa = PBXFileReference; explicitFileType = wrapper.cfbundle; includeInIndex = 0; path = awiSwiftUITests.xctest; sourceTree = BUILT_PRODUCTS_DIR; };
		ACBBE4BD27C0FFC4002B59C8 /* awiSwiftUITests.swift */ = {isa = PBXFileReference; lastKnownFileType = sourcecode.swift; path = awiSwiftUITests.swift; sourceTree = "<group>"; };
		ACBBE4C327C0FFC4002B59C8 /* awiSwiftUIUITests.xctest */ = {isa = PBXFileReference; explicitFileType = wrapper.cfbundle; includeInIndex = 0; path = awiSwiftUIUITests.xctest; sourceTree = BUILT_PRODUCTS_DIR; };
		ACBBE4C727C0FFC4002B59C8 /* awiSwiftUIUITests.swift */ = {isa = PBXFileReference; lastKnownFileType = sourcecode.swift; path = awiSwiftUIUITests.swift; sourceTree = "<group>"; };
		ACBBE4C927C0FFC4002B59C8 /* awiSwiftUIUITestsLaunchTests.swift */ = {isa = PBXFileReference; lastKnownFileType = sourcecode.swift; path = awiSwiftUIUITestsLaunchTests.swift; sourceTree = "<group>"; };
		ACBBE4D727C0FFDC002B59C8 /* Formatters.swift */ = {isa = PBXFileReference; lastKnownFileType = sourcecode.swift; path = Formatters.swift; sourceTree = "<group>"; };
		ACBBE4D927C10017002B59C8 /* Utils.swift */ = {isa = PBXFileReference; lastKnownFileType = sourcecode.swift; path = Utils.swift; sourceTree = "<group>"; };
		ACBBE4DB27C10029002B59C8 /* JSONError.swift */ = {isa = PBXFileReference; lastKnownFileType = sourcecode.swift; path = JSONError.swift; sourceTree = "<group>"; };
		ACBBE4DD27C10042002B59C8 /* JSONHelper.swift */ = {isa = PBXFileReference; lastKnownFileType = sourcecode.swift; path = JSONHelper.swift; sourceTree = "<group>"; };
		ACBBE4DF27C10051002B59C8 /* Color.swift */ = {isa = PBXFileReference; lastKnownFileType = sourcecode.swift; path = Color.swift; sourceTree = "<group>"; };
		ACBBE4E327C1007C002B59C8 /* UnityDAO.swift */ = {isa = PBXFileReference; lastKnownFileType = sourcecode.swift; path = UnityDAO.swift; sourceTree = "<group>"; };
		ACBBE4E527C10086002B59C8 /* UnityDTO.swift */ = {isa = PBXFileReference; lastKnownFileType = sourcecode.swift; path = UnityDTO.swift; sourceTree = "<group>"; };
		ACBBE4E727C10093002B59C8 /* Unity.swift */ = {isa = PBXFileReference; lastKnownFileType = sourcecode.swift; path = Unity.swift; sourceTree = "<group>"; };
		ACBBE4EA27C100B6002B59C8 /* IngredientCategoryDAO.swift */ = {isa = PBXFileReference; lastKnownFileType = sourcecode.swift; path = IngredientCategoryDAO.swift; sourceTree = "<group>"; };
		ACBBE4EC27C100DC002B59C8 /* IngredientCategoryDTO.swift */ = {isa = PBXFileReference; lastKnownFileType = sourcecode.swift; path = IngredientCategoryDTO.swift; sourceTree = "<group>"; };
		ACBBE4EE27C100EC002B59C8 /* IngredientCategory.swift */ = {isa = PBXFileReference; lastKnownFileType = sourcecode.swift; path = IngredientCategory.swift; sourceTree = "<group>"; };
		ACBBE4F127C1010B002B59C8 /* Recipe.swift */ = {isa = PBXFileReference; lastKnownFileType = sourcecode.swift; path = Recipe.swift; sourceTree = "<group>"; };
		ACBBE4F427C10122002B59C8 /* RecipeCategory.swift */ = {isa = PBXFileReference; lastKnownFileType = sourcecode.swift; path = RecipeCategory.swift; sourceTree = "<group>"; };
		ACBBE4F727C1013F002B59C8 /* UserDAO.swift */ = {isa = PBXFileReference; lastKnownFileType = sourcecode.swift; path = UserDAO.swift; sourceTree = "<group>"; };
		ACBBE4F927C10148002B59C8 /* User.swift */ = {isa = PBXFileReference; lastKnownFileType = sourcecode.swift; path = User.swift; sourceTree = "<group>"; };
		ACBBE4FB27C10159002B59C8 /* UserDTO.swift */ = {isa = PBXFileReference; lastKnownFileType = sourcecode.swift; path = UserDTO.swift; sourceTree = "<group>"; };
		ACBBE4FE27C10173002B59C8 /* Step.swift */ = {isa = PBXFileReference; lastKnownFileType = sourcecode.swift; path = Step.swift; sourceTree = "<group>"; };
		ACBBE50127C1019B002B59C8 /* AllergenCategory.swift */ = {isa = PBXFileReference; lastKnownFileType = sourcecode.swift; path = AllergenCategory.swift; sourceTree = "<group>"; };
		ACBBE50327C101AF002B59C8 /* AllergenCategoryDTO.swift */ = {isa = PBXFileReference; lastKnownFileType = sourcecode.swift; path = AllergenCategoryDTO.swift; sourceTree = "<group>"; };
		ACBBE50527C101BE002B59C8 /* AllergenCategoryDAO.swift */ = {isa = PBXFileReference; lastKnownFileType = sourcecode.swift; path = AllergenCategoryDAO.swift; sourceTree = "<group>"; };
		ACBBE50827C101D9002B59C8 /* Ingredient.swift */ = {isa = PBXFileReference; lastKnownFileType = sourcecode.swift; path = Ingredient.swift; sourceTree = "<group>"; };
		ACBBE50A27C101E7002B59C8 /* IngredientDAO.swift */ = {isa = PBXFileReference; lastKnownFileType = sourcecode.swift; path = IngredientDAO.swift; sourceTree = "<group>"; };
		ACBBE50E27C1020E002B59C8 /* IngredientPostDTO.swift */ = {isa = PBXFileReference; lastKnownFileType = sourcecode.swift; path = IngredientPostDTO.swift; sourceTree = "<group>"; };
		ACBBE51027C1021E002B59C8 /* IngredientGetDTO.swift */ = {isa = PBXFileReference; lastKnownFileType = sourcecode.swift; path = IngredientGetDTO.swift; sourceTree = "<group>"; };
		ACBBE51427C1026B002B59C8 /* Recipes.swift */ = {isa = PBXFileReference; lastKnownFileType = sourcecode.swift; path = Recipes.swift; sourceTree = "<group>"; };
		ACBBE51627C1027B002B59C8 /* RecipeCard.swift */ = {isa = PBXFileReference; lastKnownFileType = sourcecode.swift; path = RecipeCard.swift; sourceTree = "<group>"; };
		ACBBE51827C1028B002B59C8 /* CreateRecipeView.swift */ = {isa = PBXFileReference; lastKnownFileType = sourcecode.swift; path = CreateRecipeView.swift; sourceTree = "<group>"; };
		ACBBE51A27C1029D002B59C8 /* RecipeRow.swift */ = {isa = PBXFileReference; lastKnownFileType = sourcecode.swift; path = RecipeRow.swift; sourceTree = "<group>"; };
		ACBBE51C27C102B0002B59C8 /* HorizontalScrollRecipe.swift */ = {isa = PBXFileReference; lastKnownFileType = sourcecode.swift; path = HorizontalScrollRecipe.swift; sourceTree = "<group>"; };
		ACBBE51E27C102C0002B59C8 /* RecipeGrid.swift */ = {isa = PBXFileReference; lastKnownFileType = sourcecode.swift; path = RecipeGrid.swift; sourceTree = "<group>"; };
		ACBBE52027C102D6002B59C8 /* Carousel.swift */ = {isa = PBXFileReference; lastKnownFileType = sourcecode.swift; path = Carousel.swift; sourceTree = "<group>"; };
		ACBBE52227C102E5002B59C8 /* LoginView.swift */ = {isa = PBXFileReference; lastKnownFileType = sourcecode.swift; path = LoginView.swift; sourceTree = "<group>"; };
		ACBBE52527C10308002B59C8 /* IngredientCategoryForm.swift */ = {isa = PBXFileReference; lastKnownFileType = sourcecode.swift; path = IngredientCategoryForm.swift; sourceTree = "<group>"; };
		ACBBE52827C1032B002B59C8 /* HomeView.swift */ = {isa = PBXFileReference; lastKnownFileType = sourcecode.swift; path = HomeView.swift; sourceTree = "<group>"; };
		ACBBE52A27C1033A002B59C8 /* TextUnderIcon.swift */ = {isa = PBXFileReference; lastKnownFileType = sourcecode.swift; path = TextUnderIcon.swift; sourceTree = "<group>"; };
		ACBBE52C27C10357002B59C8 /* CreateUserForm.swift */ = {isa = PBXFileReference; lastKnownFileType = sourcecode.swift; path = CreateUserForm.swift; sourceTree = "<group>"; };
		ACBBE52E27C10369002B59C8 /* CreateAccountForm.swift */ = {isa = PBXFileReference; lastKnownFileType = sourcecode.swift; path = CreateAccountForm.swift; sourceTree = "<group>"; };
		ACBBE53027C10376002B59C8 /* HomeCoverSlider.swift */ = {isa = PBXFileReference; lastKnownFileType = sourcecode.swift; path = HomeCoverSlider.swift; sourceTree = "<group>"; };
		ACBBE53227C10384002B59C8 /* Badge.swift */ = {isa = PBXFileReference; lastKnownFileType = sourcecode.swift; path = Badge.swift; sourceTree = "<group>"; };
		ACBBE53527C103A0002B59C8 /* IngredientRow.swift */ = {isa = PBXFileReference; lastKnownFileType = sourcecode.swift; path = IngredientRow.swift; sourceTree = "<group>"; };
		ACBBE53727C103B1002B59C8 /* IngredientForm.swift */ = {isa = PBXFileReference; lastKnownFileType = sourcecode.swift; path = IngredientForm.swift; sourceTree = "<group>"; };
		ACBBE53927C103BF002B59C8 /* Ingredients.swift */ = {isa = PBXFileReference; lastKnownFileType = sourcecode.swift; path = Ingredients.swift; sourceTree = "<group>"; };
		ACBBE53D27C103FF002B59C8 /* UnityFormViewModel.swift */ = {isa = PBXFileReference; lastKnownFileType = sourcecode.swift; path = UnityFormViewModel.swift; sourceTree = "<group>"; };
		ACBBE54027C1041C002B59C8 /* IngredientCategoryFormViewModel.swift */ = {isa = PBXFileReference; lastKnownFileType = sourcecode.swift; path = IngredientCategoryFormViewModel.swift; sourceTree = "<group>"; };
		ACBBE54327C1043B002B59C8 /* AllergenCategoryFormViewModel.swift */ = {isa = PBXFileReference; lastKnownFileType = sourcecode.swift; path = AllergenCategoryFormViewModel.swift; sourceTree = "<group>"; };
		ACBBE54627C10458002B59C8 /* IngredientListViewModel.swift */ = {isa = PBXFileReference; lastKnownFileType = sourcecode.swift; path = IngredientListViewModel.swift; sourceTree = "<group>"; };
		ACBBE54827C10466002B59C8 /* IngredientFormViewModel.swift */ = {isa = PBXFileReference; lastKnownFileType = sourcecode.swift; path = IngredientFormViewModel.swift; sourceTree = "<group>"; };
		ACBBE54A27C12978002B59C8 /* HTTPError.swift */ = {isa = PBXFileReference; lastKnownFileType = sourcecode.swift; path = HTTPError.swift; sourceTree = "<group>"; };
		ACBBE54E27C1425C002B59C8 /* IngredientIntent.swift */ = {isa = PBXFileReference; lastKnownFileType = sourcecode.swift; path = IngredientIntent.swift; sourceTree = "<group>"; };
		ACBBE55227C14916002B59C8 /* IngredientFormVM.swift */ = {isa = PBXFileReference; lastKnownFileType = sourcecode.swift; path = IngredientFormVM.swift; sourceTree = "<group>"; };
		ACBBE55427C14943002B59C8 /* IngredientListVM.swift */ = {isa = PBXFileReference; lastKnownFileType = sourcecode.swift; path = IngredientListVM.swift; sourceTree = "<group>"; };
		ACBBE55627C240F0002B59C8 /* RecipeDetailledView.swift */ = {isa = PBXFileReference; lastKnownFileType = sourcecode.swift; path = RecipeDetailledView.swift; sourceTree = "<group>"; };
		ACBBE55827C26D88002B59C8 /* StepRow.swift */ = {isa = PBXFileReference; lastKnownFileType = sourcecode.swift; path = StepRow.swift; sourceTree = "<group>"; };
		ACBBE55B27C288D3002B59C8 /* RecipeDTO.swift */ = {isa = PBXFileReference; lastKnownFileType = sourcecode.swift; path = RecipeDTO.swift; sourceTree = "<group>"; };
		ACBBE55D27C28947002B59C8 /* RecipeDAO.swift */ = {isa = PBXFileReference; lastKnownFileType = sourcecode.swift; path = RecipeDAO.swift; sourceTree = "<group>"; };
		ACBBE55F27C28D29002B59C8 /* RecipeListVM.swift */ = {isa = PBXFileReference; lastKnownFileType = sourcecode.swift; path = RecipeListVM.swift; sourceTree = "<group>"; };
		ACBBE56127C29317002B59C8 /* RecipeCategoryDTO.swift */ = {isa = PBXFileReference; lastKnownFileType = sourcecode.swift; path = RecipeCategoryDTO.swift; sourceTree = "<group>"; };
		ACBBE56327C2933C002B59C8 /* RecipeCategoryDAO.swift */ = {isa = PBXFileReference; lastKnownFileType = sourcecode.swift; path = RecipeCategoryDAO.swift; sourceTree = "<group>"; };
		ACBBE56527C2AF74002B59C8 /* Image.swift */ = {isa = PBXFileReference; lastKnownFileType = sourcecode.swift; path = Image.swift; sourceTree = "<group>"; };
/* End PBXFileReference section */

/* Begin PBXFrameworksBuildPhase section */
		ACBBE4A627C0FFC3002B59C8 /* Frameworks */ = {
			isa = PBXFrameworksBuildPhase;
			buildActionMask = 2147483647;
			files = (
			);
			runOnlyForDeploymentPostprocessing = 0;
		};
		ACBBE4B627C0FFC4002B59C8 /* Frameworks */ = {
			isa = PBXFrameworksBuildPhase;
			buildActionMask = 2147483647;
			files = (
			);
			runOnlyForDeploymentPostprocessing = 0;
		};
		ACBBE4C027C0FFC4002B59C8 /* Frameworks */ = {
			isa = PBXFrameworksBuildPhase;
			buildActionMask = 2147483647;
			files = (
			);
			runOnlyForDeploymentPostprocessing = 0;
		};
/* End PBXFrameworksBuildPhase section */

/* Begin PBXGroup section */
		6FF0FFDC27C12626000AA621 /* AllergenCategory */ = {
			isa = PBXGroup;
			children = (
				6FF0FFDD27C12651000AA621 /* Allergens.swift */,
				6FF0FFDF27C12E62000AA621 /* AllergenRow.swift */,
				6FF0FFE127C130BC000AA621 /* AllergenIngredientsList.swift */,
			);
			path = AllergenCategory;
			sourceTree = "<group>";
		};
		ACBBE4A027C0FFC3002B59C8 = {
			isa = PBXGroup;
			children = (
				ACA4C10A27C4284A005CBF28 /* Empty.md */,
				ACA4C10827C4282A005CBF28 /* Empty.xib */,
				ACBBE4AB27C0FFC3002B59C8 /* awiSwiftUI */,
				ACBBE4BC27C0FFC4002B59C8 /* awiSwiftUITests */,
				ACBBE4C627C0FFC4002B59C8 /* awiSwiftUIUITests */,
				ACBBE4AA27C0FFC3002B59C8 /* Products */,
			);
			sourceTree = "<group>";
		};
		ACBBE4AA27C0FFC3002B59C8 /* Products */ = {
			isa = PBXGroup;
			children = (
				ACBBE4A927C0FFC3002B59C8 /* awiSwiftUI.app */,
				ACBBE4B927C0FFC4002B59C8 /* awiSwiftUITests.xctest */,
				ACBBE4C327C0FFC4002B59C8 /* awiSwiftUIUITests.xctest */,
			);
			name = Products;
			sourceTree = "<group>";
		};
		ACBBE4AB27C0FFC3002B59C8 /* awiSwiftUI */ = {
			isa = PBXGroup;
			children = (
				ACBBE53B27C103DE002B59C8 /* ViewModels */,
				ACBBE51227C10254002B59C8 /* Views */,
				ACBBE4E127C10058002B59C8 /* Models */,
				ACBBE4D627C0FFCE002B59C8 /* Utilities */,
				ACBBE4AC27C0FFC3002B59C8 /* awiSwiftUIApp.swift */,
				ACBBE4AE27C0FFC3002B59C8 /* ContentView.swift */,
				ACBBE4B027C0FFC4002B59C8 /* Assets.xcassets */,
				ACBBE4B227C0FFC4002B59C8 /* Preview Content */,
			);
			path = awiSwiftUI;
			sourceTree = "<group>";
		};
		ACBBE4B227C0FFC4002B59C8 /* Preview Content */ = {
			isa = PBXGroup;
			children = (
				ACBBE4B327C0FFC4002B59C8 /* Preview Assets.xcassets */,
			);
			path = "Preview Content";
			sourceTree = "<group>";
		};
		ACBBE4BC27C0FFC4002B59C8 /* awiSwiftUITests */ = {
			isa = PBXGroup;
			children = (
				ACBBE4BD27C0FFC4002B59C8 /* awiSwiftUITests.swift */,
			);
			path = awiSwiftUITests;
			sourceTree = "<group>";
		};
		ACBBE4C627C0FFC4002B59C8 /* awiSwiftUIUITests */ = {
			isa = PBXGroup;
			children = (
				ACBBE4C727C0FFC4002B59C8 /* awiSwiftUIUITests.swift */,
				ACBBE4C927C0FFC4002B59C8 /* awiSwiftUIUITestsLaunchTests.swift */,
			);
			path = awiSwiftUIUITests;
			sourceTree = "<group>";
		};
		ACBBE4D627C0FFCE002B59C8 /* Utilities */ = {
			isa = PBXGroup;
			children = (
				ACBBE4D727C0FFDC002B59C8 /* Formatters.swift */,
				ACBBE4D927C10017002B59C8 /* Utils.swift */,
				ACBBE4DB27C10029002B59C8 /* JSONError.swift */,
				ACBBE4DD27C10042002B59C8 /* JSONHelper.swift */,
				ACBBE4DF27C10051002B59C8 /* Color.swift */,
				ACBBE54A27C12978002B59C8 /* HTTPError.swift */,
				ACBBE56527C2AF74002B59C8 /* Image.swift */,
			);
			path = Utilities;
			sourceTree = "<group>";
		};
		ACBBE4E127C10058002B59C8 /* Models */ = {
			isa = PBXGroup;
			children = (
				ACBBE50727C101CA002B59C8 /* Ingredient */,
				ACBBE50027C1018C002B59C8 /* AllergenCategory */,
				ACBBE4FD27C10167002B59C8 /* Step */,
				ACBBE4F627C10132002B59C8 /* User */,
				ACBBE4F327C10116002B59C8 /* RecipeCategory */,
				ACBBE4F027C100FC002B59C8 /* Recipe */,
				ACBBE4E927C100A1002B59C8 /* IngredientCategory */,
				ACBBE4E227C10063002B59C8 /* Unity */,
			);
			path = Models;
			sourceTree = "<group>";
		};
		ACBBE4E227C10063002B59C8 /* Unity */ = {
			isa = PBXGroup;
			children = (
				ACBBE4E327C1007C002B59C8 /* UnityDAO.swift */,
				ACBBE4E527C10086002B59C8 /* UnityDTO.swift */,
				ACBBE4E727C10093002B59C8 /* Unity.swift */,
			);
			path = Unity;
			sourceTree = "<group>";
		};
		ACBBE4E927C100A1002B59C8 /* IngredientCategory */ = {
			isa = PBXGroup;
			children = (
				ACBBE4EA27C100B6002B59C8 /* IngredientCategoryDAO.swift */,
				ACBBE4EC27C100DC002B59C8 /* IngredientCategoryDTO.swift */,
				ACBBE4EE27C100EC002B59C8 /* IngredientCategory.swift */,
			);
			path = IngredientCategory;
			sourceTree = "<group>";
		};
		ACBBE4F027C100FC002B59C8 /* Recipe */ = {
			isa = PBXGroup;
			children = (
				ACBBE4F127C1010B002B59C8 /* Recipe.swift */,
				ACBBE55B27C288D3002B59C8 /* RecipeDTO.swift */,
				ACBBE55D27C28947002B59C8 /* RecipeDAO.swift */,
			);
			path = Recipe;
			sourceTree = "<group>";
		};
		ACBBE4F327C10116002B59C8 /* RecipeCategory */ = {
			isa = PBXGroup;
			children = (
				ACBBE4F427C10122002B59C8 /* RecipeCategory.swift */,
				ACBBE56127C29317002B59C8 /* RecipeCategoryDTO.swift */,
				ACBBE56327C2933C002B59C8 /* RecipeCategoryDAO.swift */,
			);
			path = RecipeCategory;
			sourceTree = "<group>";
		};
		ACBBE4F627C10132002B59C8 /* User */ = {
			isa = PBXGroup;
			children = (
				ACBBE4F727C1013F002B59C8 /* UserDAO.swift */,
				ACBBE4F927C10148002B59C8 /* User.swift */,
				ACBBE4FB27C10159002B59C8 /* UserDTO.swift */,
			);
			path = User;
			sourceTree = "<group>";
		};
		ACBBE4FD27C10167002B59C8 /* Step */ = {
			isa = PBXGroup;
			children = (
				ACBBE4FE27C10173002B59C8 /* Step.swift */,
			);
			path = Step;
			sourceTree = "<group>";
		};
		ACBBE50027C1018C002B59C8 /* AllergenCategory */ = {
			isa = PBXGroup;
			children = (
				ACBBE50127C1019B002B59C8 /* AllergenCategory.swift */,
				ACBBE50327C101AF002B59C8 /* AllergenCategoryDTO.swift */,
				ACBBE50527C101BE002B59C8 /* AllergenCategoryDAO.swift */,
			);
			path = AllergenCategory;
			sourceTree = "<group>";
		};
		ACBBE50727C101CA002B59C8 /* Ingredient */ = {
			isa = PBXGroup;
			children = (
				ACBBE50827C101D9002B59C8 /* Ingredient.swift */,
				ACBBE50A27C101E7002B59C8 /* IngredientDAO.swift */,
				ACBBE50E27C1020E002B59C8 /* IngredientPostDTO.swift */,
				ACBBE51027C1021E002B59C8 /* IngredientGetDTO.swift */,
			);
			path = Ingredient;
			sourceTree = "<group>";
		};
		ACBBE51227C10254002B59C8 /* Views */ = {
			isa = PBXGroup;
			children = (
				6FF0FFDC27C12626000AA621 /* AllergenCategory */,
				ACBBE53427C10394002B59C8 /* Ingredient */,
				ACBBE52727C10319002B59C8 /* User */,
				ACBBE52427C102F6002B59C8 /* IngredientCategory */,
				ACBBE51327C1025D002B59C8 /* Recipe */,
				ACBBE52027C102D6002B59C8 /* Carousel.swift */,
				ACBBE52227C102E5002B59C8 /* LoginView.swift */,
				ACBBE52827C1032B002B59C8 /* HomeView.swift */,
				ACBBE52A27C1033A002B59C8 /* TextUnderIcon.swift */,
				ACBBE53027C10376002B59C8 /* HomeCoverSlider.swift */,
				ACBBE53227C10384002B59C8 /* Badge.swift */,
			);
			path = Views;
			sourceTree = "<group>";
		};
		ACBBE51327C1025D002B59C8 /* Recipe */ = {
			isa = PBXGroup;
			children = (
				ACBBE51427C1026B002B59C8 /* Recipes.swift */,
				ACBBE51627C1027B002B59C8 /* RecipeCard.swift */,
				ACBBE51827C1028B002B59C8 /* CreateRecipeView.swift */,
				ACBBE51A27C1029D002B59C8 /* RecipeRow.swift */,
				ACBBE51C27C102B0002B59C8 /* HorizontalScrollRecipe.swift */,
				ACBBE51E27C102C0002B59C8 /* RecipeGrid.swift */,
				ACBBE55627C240F0002B59C8 /* RecipeDetailledView.swift */,
				ACBBE55827C26D88002B59C8 /* StepRow.swift */,
				ACBBE55F27C28D29002B59C8 /* RecipeListVM.swift */,
			);
			path = Recipe;
			sourceTree = "<group>";
		};
		ACBBE52427C102F6002B59C8 /* IngredientCategory */ = {
			isa = PBXGroup;
			children = (
				ACBBE52527C10308002B59C8 /* IngredientCategoryForm.swift */,
			);
			path = IngredientCategory;
			sourceTree = "<group>";
		};
		ACBBE52727C10319002B59C8 /* User */ = {
			isa = PBXGroup;
			children = (
				ACBBE52C27C10357002B59C8 /* CreateUserForm.swift */,
				ACBBE52E27C10369002B59C8 /* CreateAccountForm.swift */,
			);
			path = User;
			sourceTree = "<group>";
		};
		ACBBE53427C10394002B59C8 /* Ingredient */ = {
			isa = PBXGroup;
			children = (
				ACBBE53527C103A0002B59C8 /* IngredientRow.swift */,
				ACBBE53727C103B1002B59C8 /* IngredientForm.swift */,
				ACBBE53927C103BF002B59C8 /* Ingredients.swift */,
				ACBBE54E27C1425C002B59C8 /* IngredientIntent.swift */,
				ACBBE55227C14916002B59C8 /* IngredientFormVM.swift */,
				ACBBE55427C14943002B59C8 /* IngredientListVM.swift */,
			);
			path = Ingredient;
			sourceTree = "<group>";
		};
		ACBBE53B27C103DE002B59C8 /* ViewModels */ = {
			isa = PBXGroup;
			children = (
				ACBBE54527C10449002B59C8 /* Ingredient */,
				ACBBE54227C10429002B59C8 /* AllergenCategory */,
				ACBBE53F27C1040A002B59C8 /* IngredientCategory */,
				ACBBE53C27C103F2002B59C8 /* Unity */,
			);
			path = ViewModels;
			sourceTree = "<group>";
		};
		ACBBE53C27C103F2002B59C8 /* Unity */ = {
			isa = PBXGroup;
			children = (
				ACBBE53D27C103FF002B59C8 /* UnityFormViewModel.swift */,
			);
			path = Unity;
			sourceTree = "<group>";
		};
		ACBBE53F27C1040A002B59C8 /* IngredientCategory */ = {
			isa = PBXGroup;
			children = (
				ACBBE54027C1041C002B59C8 /* IngredientCategoryFormViewModel.swift */,
			);
			path = IngredientCategory;
			sourceTree = "<group>";
		};
		ACBBE54227C10429002B59C8 /* AllergenCategory */ = {
			isa = PBXGroup;
			children = (
				ACBBE54327C1043B002B59C8 /* AllergenCategoryFormViewModel.swift */,
			);
			path = AllergenCategory;
			sourceTree = "<group>";
		};
		ACBBE54527C10449002B59C8 /* Ingredient */ = {
			isa = PBXGroup;
			children = (
				ACBBE54627C10458002B59C8 /* IngredientListViewModel.swift */,
				ACBBE54827C10466002B59C8 /* IngredientFormViewModel.swift */,
			);
			path = Ingredient;
			sourceTree = "<group>";
		};
/* End PBXGroup section */

/* Begin PBXNativeTarget section */
		ACBBE4A827C0FFC3002B59C8 /* awiSwiftUI */ = {
			isa = PBXNativeTarget;
			buildConfigurationList = ACBBE4CD27C0FFC4002B59C8 /* Build configuration list for PBXNativeTarget "awiSwiftUI" */;
			buildPhases = (
				ACBBE4A527C0FFC3002B59C8 /* Sources */,
				ACBBE4A627C0FFC3002B59C8 /* Frameworks */,
				ACBBE4A727C0FFC3002B59C8 /* Resources */,
			);
			buildRules = (
			);
			dependencies = (
			);
			name = awiSwiftUI;
			productName = awiSwiftUI;
			productReference = ACBBE4A927C0FFC3002B59C8 /* awiSwiftUI.app */;
			productType = "com.apple.product-type.application";
		};
		ACBBE4B827C0FFC4002B59C8 /* awiSwiftUITests */ = {
			isa = PBXNativeTarget;
			buildConfigurationList = ACBBE4D027C0FFC4002B59C8 /* Build configuration list for PBXNativeTarget "awiSwiftUITests" */;
			buildPhases = (
				ACBBE4B527C0FFC4002B59C8 /* Sources */,
				ACBBE4B627C0FFC4002B59C8 /* Frameworks */,
				ACBBE4B727C0FFC4002B59C8 /* Resources */,
			);
			buildRules = (
			);
			dependencies = (
				ACBBE4BB27C0FFC4002B59C8 /* PBXTargetDependency */,
			);
			name = awiSwiftUITests;
			productName = awiSwiftUITests;
			productReference = ACBBE4B927C0FFC4002B59C8 /* awiSwiftUITests.xctest */;
			productType = "com.apple.product-type.bundle.unit-test";
		};
		ACBBE4C227C0FFC4002B59C8 /* awiSwiftUIUITests */ = {
			isa = PBXNativeTarget;
			buildConfigurationList = ACBBE4D327C0FFC4002B59C8 /* Build configuration list for PBXNativeTarget "awiSwiftUIUITests" */;
			buildPhases = (
				ACBBE4BF27C0FFC4002B59C8 /* Sources */,
				ACBBE4C027C0FFC4002B59C8 /* Frameworks */,
				ACBBE4C127C0FFC4002B59C8 /* Resources */,
			);
			buildRules = (
			);
			dependencies = (
				ACBBE4C527C0FFC4002B59C8 /* PBXTargetDependency */,
			);
			name = awiSwiftUIUITests;
			productName = awiSwiftUIUITests;
			productReference = ACBBE4C327C0FFC4002B59C8 /* awiSwiftUIUITests.xctest */;
			productType = "com.apple.product-type.bundle.ui-testing";
		};
/* End PBXNativeTarget section */

/* Begin PBXProject section */
		ACBBE4A127C0FFC3002B59C8 /* Project object */ = {
			isa = PBXProject;
			attributes = {
				BuildIndependentTargetsInParallel = 1;
				LastSwiftUpdateCheck = 1320;
				LastUpgradeCheck = 1320;
				TargetAttributes = {
					ACBBE4A827C0FFC3002B59C8 = {
						CreatedOnToolsVersion = 13.2.1;
					};
					ACBBE4B827C0FFC4002B59C8 = {
						CreatedOnToolsVersion = 13.2.1;
						TestTargetID = ACBBE4A827C0FFC3002B59C8;
					};
					ACBBE4C227C0FFC4002B59C8 = {
						CreatedOnToolsVersion = 13.2.1;
						TestTargetID = ACBBE4A827C0FFC3002B59C8;
					};
				};
			};
			buildConfigurationList = ACBBE4A427C0FFC3002B59C8 /* Build configuration list for PBXProject "awiSwiftUI" */;
			compatibilityVersion = "Xcode 13.0";
			developmentRegion = en;
			hasScannedForEncodings = 0;
			knownRegions = (
				en,
				Base,
			);
			mainGroup = ACBBE4A027C0FFC3002B59C8;
			productRefGroup = ACBBE4AA27C0FFC3002B59C8 /* Products */;
			projectDirPath = "";
			projectRoot = "";
			targets = (
				ACBBE4A827C0FFC3002B59C8 /* awiSwiftUI */,
				ACBBE4B827C0FFC4002B59C8 /* awiSwiftUITests */,
				ACBBE4C227C0FFC4002B59C8 /* awiSwiftUIUITests */,
			);
		};
/* End PBXProject section */

/* Begin PBXResourcesBuildPhase section */
		ACBBE4A727C0FFC3002B59C8 /* Resources */ = {
			isa = PBXResourcesBuildPhase;
			buildActionMask = 2147483647;
			files = (
				ACA4C10927C4282A005CBF28 /* Empty.xib in Resources */,
				ACBBE4B427C0FFC4002B59C8 /* Preview Assets.xcassets in Resources */,
				ACBBE4B127C0FFC4002B59C8 /* Assets.xcassets in Resources */,
			);
			runOnlyForDeploymentPostprocessing = 0;
		};
		ACBBE4B727C0FFC4002B59C8 /* Resources */ = {
			isa = PBXResourcesBuildPhase;
			buildActionMask = 2147483647;
			files = (
			);
			runOnlyForDeploymentPostprocessing = 0;
		};
		ACBBE4C127C0FFC4002B59C8 /* Resources */ = {
			isa = PBXResourcesBuildPhase;
			buildActionMask = 2147483647;
			files = (
			);
			runOnlyForDeploymentPostprocessing = 0;
		};
/* End PBXResourcesBuildPhase section */

/* Begin PBXSourcesBuildPhase section */
		ACBBE4A527C0FFC3002B59C8 /* Sources */ = {
			isa = PBXSourcesBuildPhase;
			buildActionMask = 2147483647;
			files = (
				ACBBE51927C1028B002B59C8 /* CreateRecipeView.swift in Sources */,
				ACBBE55727C240F0002B59C8 /* RecipeDetailledView.swift in Sources */,
				ACBBE4ED27C100DC002B59C8 /* IngredientCategoryDTO.swift in Sources */,
				ACBBE50227C1019B002B59C8 /* AllergenCategory.swift in Sources */,
				ACBBE53127C10376002B59C8 /* HomeCoverSlider.swift in Sources */,
				ACBBE54927C10466002B59C8 /* IngredientFormViewModel.swift in Sources */,
				ACBBE50627C101BE002B59C8 /* AllergenCategoryDAO.swift in Sources */,
				ACBBE50B27C101E7002B59C8 /* IngredientDAO.swift in Sources */,
				ACBBE4DC27C10029002B59C8 /* JSONError.swift in Sources */,
				ACBBE50927C101D9002B59C8 /* Ingredient.swift in Sources */,
				ACBBE53A27C103BF002B59C8 /* Ingredients.swift in Sources */,
				6FF0FFE227C130BC000AA621 /* AllergenIngredientsList.swift in Sources */,
				ACBBE4D827C0FFDC002B59C8 /* Formatters.swift in Sources */,
				ACBBE4EF27C100EC002B59C8 /* IngredientCategory.swift in Sources */,
				ACBBE54F27C1425C002B59C8 /* IngredientIntent.swift in Sources */,
				ACBBE52927C1032B002B59C8 /* HomeView.swift in Sources */,
				ACBBE51F27C102C0002B59C8 /* RecipeGrid.swift in Sources */,
				ACBBE56027C28D29002B59C8 /* RecipeListVM.swift in Sources */,
				ACBBE52327C102E5002B59C8 /* LoginView.swift in Sources */,
				ACBBE4E027C10051002B59C8 /* Color.swift in Sources */,
				ACBBE4AF27C0FFC3002B59C8 /* ContentView.swift in Sources */,
				ACBBE52F27C10369002B59C8 /* CreateAccountForm.swift in Sources */,
				ACBBE55E27C28947002B59C8 /* RecipeDAO.swift in Sources */,
				ACBBE4FC27C10159002B59C8 /* UserDTO.swift in Sources */,
				ACBBE4FF27C10173002B59C8 /* Step.swift in Sources */,
				ACBBE4EB27C100B6002B59C8 /* IngredientCategoryDAO.swift in Sources */,
				ACBBE56627C2AF74002B59C8 /* Image.swift in Sources */,
				ACBBE51B27C1029D002B59C8 /* RecipeRow.swift in Sources */,
				ACBBE51727C1027B002B59C8 /* RecipeCard.swift in Sources */,
				ACBBE50427C101AF002B59C8 /* AllergenCategoryDTO.swift in Sources */,
				ACBBE53327C10384002B59C8 /* Badge.swift in Sources */,
				ACBBE52127C102D6002B59C8 /* Carousel.swift in Sources */,
				6FF0FFE027C12E62000AA621 /* AllergenRow.swift in Sources */,
				ACBBE51D27C102B0002B59C8 /* HorizontalScrollRecipe.swift in Sources */,
				ACBBE4FA27C10148002B59C8 /* User.swift in Sources */,
				ACBBE4DE27C10042002B59C8 /* JSONHelper.swift in Sources */,
				ACBBE56227C29317002B59C8 /* RecipeCategoryDTO.swift in Sources */,
				ACBBE53627C103A0002B59C8 /* IngredientRow.swift in Sources */,
				ACBBE54427C1043B002B59C8 /* AllergenCategoryFormViewModel.swift in Sources */,
				ACBBE56427C2933C002B59C8 /* RecipeCategoryDAO.swift in Sources */,
				ACBBE51527C1026B002B59C8 /* Recipes.swift in Sources */,
				ACBBE55327C14916002B59C8 /* IngredientFormVM.swift in Sources */,
				ACBBE4E627C10086002B59C8 /* UnityDTO.swift in Sources */,
				ACBBE53E27C103FF002B59C8 /* UnityFormViewModel.swift in Sources */,
				ACBBE52627C10308002B59C8 /* IngredientCategoryForm.swift in Sources */,
				ACBBE51127C1021E002B59C8 /* IngredientGetDTO.swift in Sources */,
				ACBBE4F227C1010B002B59C8 /* Recipe.swift in Sources */,
				6FF0FFDE27C12651000AA621 /* Allergens.swift in Sources */,
				ACBBE50F27C1020E002B59C8 /* IngredientPostDTO.swift in Sources */,
				ACBBE54B27C12978002B59C8 /* HTTPError.swift in Sources */,
				ACBBE52D27C10357002B59C8 /* CreateUserForm.swift in Sources */,
				ACBBE52B27C1033A002B59C8 /* TextUnderIcon.swift in Sources */,
				ACBBE4AD27C0FFC3002B59C8 /* awiSwiftUIApp.swift in Sources */,
				ACBBE4F827C1013F002B59C8 /* UserDAO.swift in Sources */,
				ACBBE54727C10458002B59C8 /* IngredientListViewModel.swift in Sources */,
				ACBBE53827C103B1002B59C8 /* IngredientForm.swift in Sources */,
				ACBBE54127C1041C002B59C8 /* IngredientCategoryFormViewModel.swift in Sources */,
				ACBBE55C27C288D3002B59C8 /* RecipeDTO.swift in Sources */,
				ACBBE4F527C10122002B59C8 /* RecipeCategory.swift in Sources */,
				ACBBE4E427C1007C002B59C8 /* UnityDAO.swift in Sources */,
				ACBBE55927C26D88002B59C8 /* StepRow.swift in Sources */,
				ACBBE4DA27C10017002B59C8 /* Utils.swift in Sources */,
				ACBBE4E827C10093002B59C8 /* Unity.swift in Sources */,
				ACBBE55527C14943002B59C8 /* IngredientListVM.swift in Sources */,
			);
			runOnlyForDeploymentPostprocessing = 0;
		};
		ACBBE4B527C0FFC4002B59C8 /* Sources */ = {
			isa = PBXSourcesBuildPhase;
			buildActionMask = 2147483647;
			files = (
				ACBBE4BE27C0FFC4002B59C8 /* awiSwiftUITests.swift in Sources */,
			);
			runOnlyForDeploymentPostprocessing = 0;
		};
		ACBBE4BF27C0FFC4002B59C8 /* Sources */ = {
			isa = PBXSourcesBuildPhase;
			buildActionMask = 2147483647;
			files = (
				ACBBE4CA27C0FFC4002B59C8 /* awiSwiftUIUITestsLaunchTests.swift in Sources */,
				ACBBE4C827C0FFC4002B59C8 /* awiSwiftUIUITests.swift in Sources */,
			);
			runOnlyForDeploymentPostprocessing = 0;
		};
/* End PBXSourcesBuildPhase section */

/* Begin PBXTargetDependency section */
		ACBBE4BB27C0FFC4002B59C8 /* PBXTargetDependency */ = {
			isa = PBXTargetDependency;
			target = ACBBE4A827C0FFC3002B59C8 /* awiSwiftUI */;
			targetProxy = ACBBE4BA27C0FFC4002B59C8 /* PBXContainerItemProxy */;
		};
		ACBBE4C527C0FFC4002B59C8 /* PBXTargetDependency */ = {
			isa = PBXTargetDependency;
			target = ACBBE4A827C0FFC3002B59C8 /* awiSwiftUI */;
			targetProxy = ACBBE4C427C0FFC4002B59C8 /* PBXContainerItemProxy */;
		};
/* End PBXTargetDependency section */

/* Begin XCBuildConfiguration section */
		ACBBE4CB27C0FFC4002B59C8 /* Debug */ = {
			isa = XCBuildConfiguration;
			buildSettings = {
				ALWAYS_SEARCH_USER_PATHS = NO;
				CLANG_ANALYZER_NONNULL = YES;
				CLANG_ANALYZER_NUMBER_OBJECT_CONVERSION = YES_AGGRESSIVE;
				CLANG_CXX_LANGUAGE_STANDARD = "gnu++17";
				CLANG_CXX_LIBRARY = "libc++";
				CLANG_ENABLE_MODULES = YES;
				CLANG_ENABLE_OBJC_ARC = YES;
				CLANG_ENABLE_OBJC_WEAK = YES;
				CLANG_WARN_BLOCK_CAPTURE_AUTORELEASING = YES;
				CLANG_WARN_BOOL_CONVERSION = YES;
				CLANG_WARN_COMMA = YES;
				CLANG_WARN_CONSTANT_CONVERSION = YES;
				CLANG_WARN_DEPRECATED_OBJC_IMPLEMENTATIONS = YES;
				CLANG_WARN_DIRECT_OBJC_ISA_USAGE = YES_ERROR;
				CLANG_WARN_DOCUMENTATION_COMMENTS = YES;
				CLANG_WARN_EMPTY_BODY = YES;
				CLANG_WARN_ENUM_CONVERSION = YES;
				CLANG_WARN_INFINITE_RECURSION = YES;
				CLANG_WARN_INT_CONVERSION = YES;
				CLANG_WARN_NON_LITERAL_NULL_CONVERSION = YES;
				CLANG_WARN_OBJC_IMPLICIT_RETAIN_SELF = YES;
				CLANG_WARN_OBJC_LITERAL_CONVERSION = YES;
				CLANG_WARN_OBJC_ROOT_CLASS = YES_ERROR;
				CLANG_WARN_QUOTED_INCLUDE_IN_FRAMEWORK_HEADER = YES;
				CLANG_WARN_RANGE_LOOP_ANALYSIS = YES;
				CLANG_WARN_STRICT_PROTOTYPES = YES;
				CLANG_WARN_SUSPICIOUS_MOVE = YES;
				CLANG_WARN_UNGUARDED_AVAILABILITY = YES_AGGRESSIVE;
				CLANG_WARN_UNREACHABLE_CODE = YES;
				CLANG_WARN__DUPLICATE_METHOD_MATCH = YES;
				COPY_PHASE_STRIP = NO;
				DEBUG_INFORMATION_FORMAT = dwarf;
				ENABLE_STRICT_OBJC_MSGSEND = YES;
				ENABLE_TESTABILITY = YES;
				GCC_C_LANGUAGE_STANDARD = gnu11;
				GCC_DYNAMIC_NO_PIC = NO;
				GCC_NO_COMMON_BLOCKS = YES;
				GCC_OPTIMIZATION_LEVEL = 0;
				GCC_PREPROCESSOR_DEFINITIONS = (
					"DEBUG=1",
					"$(inherited)",
				);
				GCC_WARN_64_TO_32_BIT_CONVERSION = YES;
				GCC_WARN_ABOUT_RETURN_TYPE = YES_ERROR;
				GCC_WARN_UNDECLARED_SELECTOR = YES;
				GCC_WARN_UNINITIALIZED_AUTOS = YES_AGGRESSIVE;
				GCC_WARN_UNUSED_FUNCTION = YES;
				GCC_WARN_UNUSED_VARIABLE = YES;
				IPHONEOS_DEPLOYMENT_TARGET = 15.2;
				MTL_ENABLE_DEBUG_INFO = INCLUDE_SOURCE;
				MTL_FAST_MATH = YES;
				ONLY_ACTIVE_ARCH = YES;
				SDKROOT = iphoneos;
				SWIFT_ACTIVE_COMPILATION_CONDITIONS = DEBUG;
				SWIFT_OPTIMIZATION_LEVEL = "-Onone";
			};
			name = Debug;
		};
		ACBBE4CC27C0FFC4002B59C8 /* Release */ = {
			isa = XCBuildConfiguration;
			buildSettings = {
				ALWAYS_SEARCH_USER_PATHS = NO;
				CLANG_ANALYZER_NONNULL = YES;
				CLANG_ANALYZER_NUMBER_OBJECT_CONVERSION = YES_AGGRESSIVE;
				CLANG_CXX_LANGUAGE_STANDARD = "gnu++17";
				CLANG_CXX_LIBRARY = "libc++";
				CLANG_ENABLE_MODULES = YES;
				CLANG_ENABLE_OBJC_ARC = YES;
				CLANG_ENABLE_OBJC_WEAK = YES;
				CLANG_WARN_BLOCK_CAPTURE_AUTORELEASING = YES;
				CLANG_WARN_BOOL_CONVERSION = YES;
				CLANG_WARN_COMMA = YES;
				CLANG_WARN_CONSTANT_CONVERSION = YES;
				CLANG_WARN_DEPRECATED_OBJC_IMPLEMENTATIONS = YES;
				CLANG_WARN_DIRECT_OBJC_ISA_USAGE = YES_ERROR;
				CLANG_WARN_DOCUMENTATION_COMMENTS = YES;
				CLANG_WARN_EMPTY_BODY = YES;
				CLANG_WARN_ENUM_CONVERSION = YES;
				CLANG_WARN_INFINITE_RECURSION = YES;
				CLANG_WARN_INT_CONVERSION = YES;
				CLANG_WARN_NON_LITERAL_NULL_CONVERSION = YES;
				CLANG_WARN_OBJC_IMPLICIT_RETAIN_SELF = YES;
				CLANG_WARN_OBJC_LITERAL_CONVERSION = YES;
				CLANG_WARN_OBJC_ROOT_CLASS = YES_ERROR;
				CLANG_WARN_QUOTED_INCLUDE_IN_FRAMEWORK_HEADER = YES;
				CLANG_WARN_RANGE_LOOP_ANALYSIS = YES;
				CLANG_WARN_STRICT_PROTOTYPES = YES;
				CLANG_WARN_SUSPICIOUS_MOVE = YES;
				CLANG_WARN_UNGUARDED_AVAILABILITY = YES_AGGRESSIVE;
				CLANG_WARN_UNREACHABLE_CODE = YES;
				CLANG_WARN__DUPLICATE_METHOD_MATCH = YES;
				COPY_PHASE_STRIP = NO;
				DEBUG_INFORMATION_FORMAT = "dwarf-with-dsym";
				ENABLE_NS_ASSERTIONS = NO;
				ENABLE_STRICT_OBJC_MSGSEND = YES;
				GCC_C_LANGUAGE_STANDARD = gnu11;
				GCC_NO_COMMON_BLOCKS = YES;
				GCC_WARN_64_TO_32_BIT_CONVERSION = YES;
				GCC_WARN_ABOUT_RETURN_TYPE = YES_ERROR;
				GCC_WARN_UNDECLARED_SELECTOR = YES;
				GCC_WARN_UNINITIALIZED_AUTOS = YES_AGGRESSIVE;
				GCC_WARN_UNUSED_FUNCTION = YES;
				GCC_WARN_UNUSED_VARIABLE = YES;
				IPHONEOS_DEPLOYMENT_TARGET = 15.2;
				MTL_ENABLE_DEBUG_INFO = NO;
				MTL_FAST_MATH = YES;
				SDKROOT = iphoneos;
				SWIFT_COMPILATION_MODE = wholemodule;
				SWIFT_OPTIMIZATION_LEVEL = "-O";
				VALIDATE_PRODUCT = YES;
			};
			name = Release;
		};
		ACBBE4CE27C0FFC4002B59C8 /* Debug */ = {
			isa = XCBuildConfiguration;
			buildSettings = {
				ASSETCATALOG_COMPILER_APPICON_NAME = AppIcon;
				ASSETCATALOG_COMPILER_GLOBAL_ACCENT_COLOR_NAME = AccentColor;
				CODE_SIGN_STYLE = Automatic;
				CURRENT_PROJECT_VERSION = 1;
				DEVELOPMENT_ASSET_PATHS = "\"awiSwiftUI/Preview Content\"";
				DEVELOPMENT_TEAM = 9RN288KRX3;
				ENABLE_PREVIEWS = YES;
				GENERATE_INFOPLIST_FILE = YES;
				INFOPLIST_KEY_UIApplicationSceneManifest_Generation = YES;
				INFOPLIST_KEY_UIApplicationSupportsIndirectInputEvents = YES;
				INFOPLIST_KEY_UILaunchScreen_Generation = YES;
				INFOPLIST_KEY_UISupportedInterfaceOrientations_iPad = "UIInterfaceOrientationPortrait UIInterfaceOrientationPortraitUpsideDown UIInterfaceOrientationLandscapeLeft UIInterfaceOrientationLandscapeRight";
				INFOPLIST_KEY_UISupportedInterfaceOrientations_iPhone = "UIInterfaceOrientationPortrait UIInterfaceOrientationLandscapeLeft UIInterfaceOrientationLandscapeRight";
				IPHONEOS_DEPLOYMENT_TARGET = 15.0;
				LD_RUNPATH_SEARCH_PATHS = (
					"$(inherited)",
					"@executable_path/Frameworks",
				);
				MARKETING_VERSION = 1.0;
				PRODUCT_BUNDLE_IDENTIFIER = polytech;
				PRODUCT_NAME = "$(TARGET_NAME)";
				SWIFT_EMIT_LOC_STRINGS = YES;
				SWIFT_VERSION = 5.0;
				TARGETED_DEVICE_FAMILY = "1,2";
			};
			name = Debug;
		};
		ACBBE4CF27C0FFC4002B59C8 /* Release */ = {
			isa = XCBuildConfiguration;
			buildSettings = {
				ASSETCATALOG_COMPILER_APPICON_NAME = AppIcon;
				ASSETCATALOG_COMPILER_GLOBAL_ACCENT_COLOR_NAME = AccentColor;
				CODE_SIGN_STYLE = Automatic;
				CURRENT_PROJECT_VERSION = 1;
				DEVELOPMENT_ASSET_PATHS = "\"awiSwiftUI/Preview Content\"";
				DEVELOPMENT_TEAM = 9RN288KRX3;
				ENABLE_PREVIEWS = YES;
				GENERATE_INFOPLIST_FILE = YES;
				INFOPLIST_KEY_UIApplicationSceneManifest_Generation = YES;
				INFOPLIST_KEY_UIApplicationSupportsIndirectInputEvents = YES;
				INFOPLIST_KEY_UILaunchScreen_Generation = YES;
				INFOPLIST_KEY_UISupportedInterfaceOrientations_iPad = "UIInterfaceOrientationPortrait UIInterfaceOrientationPortraitUpsideDown UIInterfaceOrientationLandscapeLeft UIInterfaceOrientationLandscapeRight";
				INFOPLIST_KEY_UISupportedInterfaceOrientations_iPhone = "UIInterfaceOrientationPortrait UIInterfaceOrientationLandscapeLeft UIInterfaceOrientationLandscapeRight";
				IPHONEOS_DEPLOYMENT_TARGET = 15.0;
				LD_RUNPATH_SEARCH_PATHS = (
					"$(inherited)",
					"@executable_path/Frameworks",
				);
				MARKETING_VERSION = 1.0;
				PRODUCT_BUNDLE_IDENTIFIER = polytech;
				PRODUCT_NAME = "$(TARGET_NAME)";
				SWIFT_EMIT_LOC_STRINGS = YES;
				SWIFT_VERSION = 5.0;
				TARGETED_DEVICE_FAMILY = "1,2";
			};
			name = Release;
		};
		ACBBE4D127C0FFC4002B59C8 /* Debug */ = {
			isa = XCBuildConfiguration;
			buildSettings = {
				ALWAYS_EMBED_SWIFT_STANDARD_LIBRARIES = YES;
				BUNDLE_LOADER = "$(TEST_HOST)";
				CODE_SIGN_STYLE = Automatic;
				CURRENT_PROJECT_VERSION = 1;
				DEVELOPMENT_TEAM = UCUXYX96QN;
				GENERATE_INFOPLIST_FILE = YES;
				IPHONEOS_DEPLOYMENT_TARGET = 15.2;
				MARKETING_VERSION = 1.0;
				PRODUCT_BUNDLE_IDENTIFIER = polytech.awiSwiftUITests;
				PRODUCT_NAME = "$(TARGET_NAME)";
				SWIFT_EMIT_LOC_STRINGS = NO;
				SWIFT_VERSION = 5.0;
				TARGETED_DEVICE_FAMILY = "1,2";
				TEST_HOST = "$(BUILT_PRODUCTS_DIR)/awiSwiftUI.app/awiSwiftUI";
			};
			name = Debug;
		};
		ACBBE4D227C0FFC4002B59C8 /* Release */ = {
			isa = XCBuildConfiguration;
			buildSettings = {
				ALWAYS_EMBED_SWIFT_STANDARD_LIBRARIES = YES;
				BUNDLE_LOADER = "$(TEST_HOST)";
				CODE_SIGN_STYLE = Automatic;
				CURRENT_PROJECT_VERSION = 1;
				DEVELOPMENT_TEAM = UCUXYX96QN;
				GENERATE_INFOPLIST_FILE = YES;
				IPHONEOS_DEPLOYMENT_TARGET = 15.2;
				MARKETING_VERSION = 1.0;
				PRODUCT_BUNDLE_IDENTIFIER = polytech.awiSwiftUITests;
				PRODUCT_NAME = "$(TARGET_NAME)";
				SWIFT_EMIT_LOC_STRINGS = NO;
				SWIFT_VERSION = 5.0;
				TARGETED_DEVICE_FAMILY = "1,2";
				TEST_HOST = "$(BUILT_PRODUCTS_DIR)/awiSwiftUI.app/awiSwiftUI";
			};
			name = Release;
		};
		ACBBE4D427C0FFC4002B59C8 /* Debug */ = {
			isa = XCBuildConfiguration;
			buildSettings = {
				ALWAYS_EMBED_SWIFT_STANDARD_LIBRARIES = YES;
				CODE_SIGN_STYLE = Automatic;
				CURRENT_PROJECT_VERSION = 1;
				DEVELOPMENT_TEAM = UCUXYX96QN;
				GENERATE_INFOPLIST_FILE = YES;
				MARKETING_VERSION = 1.0;
				PRODUCT_BUNDLE_IDENTIFIER = polytech.awiSwiftUIUITests;
				PRODUCT_NAME = "$(TARGET_NAME)";
				SWIFT_EMIT_LOC_STRINGS = NO;
				SWIFT_VERSION = 5.0;
				TARGETED_DEVICE_FAMILY = "1,2";
				TEST_TARGET_NAME = awiSwiftUI;
			};
			name = Debug;
		};
		ACBBE4D527C0FFC4002B59C8 /* Release */ = {
			isa = XCBuildConfiguration;
			buildSettings = {
				ALWAYS_EMBED_SWIFT_STANDARD_LIBRARIES = YES;
				CODE_SIGN_STYLE = Automatic;
				CURRENT_PROJECT_VERSION = 1;
				DEVELOPMENT_TEAM = UCUXYX96QN;
				GENERATE_INFOPLIST_FILE = YES;
				MARKETING_VERSION = 1.0;
				PRODUCT_BUNDLE_IDENTIFIER = polytech.awiSwiftUIUITests;
				PRODUCT_NAME = "$(TARGET_NAME)";
				SWIFT_EMIT_LOC_STRINGS = NO;
				SWIFT_VERSION = 5.0;
				TARGETED_DEVICE_FAMILY = "1,2";
				TEST_TARGET_NAME = awiSwiftUI;
			};
			name = Release;
		};
/* End XCBuildConfiguration section */

/* Begin XCConfigurationList section */
		ACBBE4A427C0FFC3002B59C8 /* Build configuration list for PBXProject "awiSwiftUI" */ = {
			isa = XCConfigurationList;
			buildConfigurations = (
				ACBBE4CB27C0FFC4002B59C8 /* Debug */,
				ACBBE4CC27C0FFC4002B59C8 /* Release */,
			);
			defaultConfigurationIsVisible = 0;
			defaultConfigurationName = Release;
		};
		ACBBE4CD27C0FFC4002B59C8 /* Build configuration list for PBXNativeTarget "awiSwiftUI" */ = {
			isa = XCConfigurationList;
			buildConfigurations = (
				ACBBE4CE27C0FFC4002B59C8 /* Debug */,
				ACBBE4CF27C0FFC4002B59C8 /* Release */,
			);
			defaultConfigurationIsVisible = 0;
			defaultConfigurationName = Release;
		};
		ACBBE4D027C0FFC4002B59C8 /* Build configuration list for PBXNativeTarget "awiSwiftUITests" */ = {
			isa = XCConfigurationList;
			buildConfigurations = (
				ACBBE4D127C0FFC4002B59C8 /* Debug */,
				ACBBE4D227C0FFC4002B59C8 /* Release */,
			);
			defaultConfigurationIsVisible = 0;
			defaultConfigurationName = Release;
		};
		ACBBE4D327C0FFC4002B59C8 /* Build configuration list for PBXNativeTarget "awiSwiftUIUITests" */ = {
			isa = XCConfigurationList;
			buildConfigurations = (
				ACBBE4D427C0FFC4002B59C8 /* Debug */,
				ACBBE4D527C0FFC4002B59C8 /* Release */,
			);
			defaultConfigurationIsVisible = 0;
			defaultConfigurationName = Release;
		};
/* End XCConfigurationList section */
	};
	rootObject = ACBBE4A127C0FFC3002B59C8 /* Project object */;
}
